// !$*UTF8*$!
{
	archiveVersion = 1;
	classes = {
	};
	objectVersion = 77;
	objects = {

/* Begin PBXBuildFile section */
		EBD1989D2E9117070026ED7D /* SurKeyboard.appex in Embed Foundation Extensions */ = {isa = PBXBuildFile; fileRef = EBD198962E9117070026ED7D /* SurKeyboard.appex */; settings = {ATTRIBUTES = (RemoveHeadersOnCopy, ); }; };
/* End PBXBuildFile section */

/* Begin PBXContainerItemProxy section */
		EBD198622E90F8680026ED7D /* PBXContainerItemProxy */ = {
			isa = PBXContainerItemProxy;
			containerPortal = EBD1984C2E90F8650026ED7D /* Project object */;
			proxyType = 1;
			remoteGlobalIDString = EBD198532E90F8650026ED7D;
			remoteInfo = Sur;
		};
		EBD1986C2E90F8680026ED7D /* PBXContainerItemProxy */ = {
			isa = PBXContainerItemProxy;
			containerPortal = EBD1984C2E90F8650026ED7D /* Project object */;
			proxyType = 1;
			remoteGlobalIDString = EBD198532E90F8650026ED7D;
			remoteInfo = Sur;
		};
		EBD1989B2E9117070026ED7D /* PBXContainerItemProxy */ = {
			isa = PBXContainerItemProxy;
			containerPortal = EBD1984C2E90F8650026ED7D /* Project object */;
			proxyType = 1;
			remoteGlobalIDString = EBD198952E9117070026ED7D;
			remoteInfo = SurKeyboard;
		};
/* End PBXContainerItemProxy section */

/* Begin PBXCopyFilesBuildPhase section */
		EBD198A22E9117070026ED7D /* Embed Foundation Extensions */ = {
			isa = PBXCopyFilesBuildPhase;
			buildActionMask = 2147483647;
			dstPath = "";
			dstSubfolderSpec = 13;
			files = (
				EBD1989D2E9117070026ED7D /* SurKeyboard.appex in Embed Foundation Extensions */,
			);
			name = "Embed Foundation Extensions";
			runOnlyForDeploymentPostprocessing = 0;
		};
/* End PBXCopyFilesBuildPhase section */

/* Begin PBXFileReference section */
		EBD198542E90F8650026ED7D /* Sur.app */ = {isa = PBXFileReference; explicitFileType = wrapper.application; includeInIndex = 0; path = Sur.app; sourceTree = BUILT_PRODUCTS_DIR; };
		EBD198612E90F8680026ED7D /* SurTests.xctest */ = {isa = PBXFileReference; explicitFileType = wrapper.cfbundle; includeInIndex = 0; path = SurTests.xctest; sourceTree = BUILT_PRODUCTS_DIR; };
		EBD1986B2E90F8680026ED7D /* SurUITests.xctest */ = {isa = PBXFileReference; explicitFileType = wrapper.cfbundle; includeInIndex = 0; path = SurUITests.xctest; sourceTree = BUILT_PRODUCTS_DIR; };
		EBD198962E9117070026ED7D /* SurKeyboard.appex */ = {isa = PBXFileReference; explicitFileType = "wrapper.app-extension"; includeInIndex = 0; path = SurKeyboard.appex; sourceTree = BUILT_PRODUCTS_DIR; };
/* End PBXFileReference section */

/* Begin PBXFileSystemSynchronizedBuildFileExceptionSet section */
		EBD1989E2E9117070026ED7D /* Exceptions for "SurKeyboard" folder in "SurKeyboard" target */ = {
			isa = PBXFileSystemSynchronizedBuildFileExceptionSet;
			membershipExceptions = (
				Info.plist,
			);
			target = EBD198952E9117070026ED7D /* SurKeyboard */;
		};
/* End PBXFileSystemSynchronizedBuildFileExceptionSet section */

/* Begin PBXFileSystemSynchronizedRootGroup section */
		EBD198562E90F8650026ED7D /* Sur */ = {
			isa = PBXFileSystemSynchronizedRootGroup;
			path = Sur;
			sourceTree = "<group>";
		};
		EBD198642E90F8680026ED7D /* SurTests */ = {
			isa = PBXFileSystemSynchronizedRootGroup;
			path = SurTests;
			sourceTree = "<group>";
		};
		EBD1986E2E90F8680026ED7D /* SurUITests */ = {
			isa = PBXFileSystemSynchronizedRootGroup;
			path = SurUITests;
			sourceTree = "<group>";
		};
		EBD198972E9117070026ED7D /* SurKeyboard */ = {
			isa = PBXFileSystemSynchronizedRootGroup;
			exceptions = (
				EBD1989E2E9117070026ED7D /* Exceptions for "SurKeyboard" folder in "SurKeyboard" target */,
			);
			path = SurKeyboard;
			sourceTree = "<group>";
		};
/* End PBXFileSystemSynchronizedRootGroup section */

/* Begin PBXFrameworksBuildPhase section */
		EBD198512E90F8650026ED7D /* Frameworks */ = {
			isa = PBXFrameworksBuildPhase;
			buildActionMask = 2147483647;
			files = (
			);
			runOnlyForDeploymentPostprocessing = 0;
		};
		EBD1985E2E90F8680026ED7D /* Frameworks */ = {
			isa = PBXFrameworksBuildPhase;
			buildActionMask = 2147483647;
			files = (
			);
			runOnlyForDeploymentPostprocessing = 0;
		};
		EBD198682E90F8680026ED7D /* Frameworks */ = {
			isa = PBXFrameworksBuildPhase;
			buildActionMask = 2147483647;
			files = (
			);
			runOnlyForDeploymentPostprocessing = 0;
		};
		EBD198932E9117070026ED7D /* Frameworks */ = {
			isa = PBXFrameworksBuildPhase;
			buildActionMask = 2147483647;
			files = (
			);
			runOnlyForDeploymentPostprocessing = 0;
		};
/* End PBXFrameworksBuildPhase section */

/* Begin PBXGroup section */
		EBD1984B2E90F8650026ED7D = {
			isa = PBXGroup;
			children = (
				EBD198562E90F8650026ED7D /* Sur */,
				EBD198642E90F8680026ED7D /* SurTests */,
				EBD1986E2E90F8680026ED7D /* SurUITests */,
				EBD198972E9117070026ED7D /* SurKeyboard */,
				EBD198552E90F8650026ED7D /* Products */,
			);
			sourceTree = "<group>";
		};
		EBD198552E90F8650026ED7D /* Products */ = {
			isa = PBXGroup;
			children = (
				EBD198542E90F8650026ED7D /* Sur.app */,
				EBD198612E90F8680026ED7D /* SurTests.xctest */,
				EBD1986B2E90F8680026ED7D /* SurUITests.xctest */,
				EBD198962E9117070026ED7D /* SurKeyboard.appex */,
			);
			name = Products;
			sourceTree = "<group>";
		};
/* End PBXGroup section */

/* Begin PBXNativeTarget section */
		EBD198532E90F8650026ED7D /* Sur */ = {
			isa = PBXNativeTarget;
			buildConfigurationList = EBD198752E90F8680026ED7D /* Build configuration list for PBXNativeTarget "Sur" */;
			buildPhases = (
				EBD198502E90F8650026ED7D /* Sources */,
				EBD198512E90F8650026ED7D /* Frameworks */,
				EBD198522E90F8650026ED7D /* Resources */,
				EBD198A22E9117070026ED7D /* Embed Foundation Extensions */,
			);
			buildRules = (
			);
			dependencies = (
				EBD1989C2E9117070026ED7D /* PBXTargetDependency */,
			);
			fileSystemSynchronizedGroups = (
				EBD198562E90F8650026ED7D /* Sur */,
			);
			name = Sur;
			packageProductDependencies = (
			);
			productName = Sur;
			productReference = EBD198542E90F8650026ED7D /* Sur.app */;
			productType = "com.apple.product-type.application";
		};
		EBD198602E90F8680026ED7D /* SurTests */ = {
			isa = PBXNativeTarget;
			buildConfigurationList = EBD198782E90F8680026ED7D /* Build configuration list for PBXNativeTarget "SurTests" */;
			buildPhases = (
				EBD1985D2E90F8680026ED7D /* Sources */,
				EBD1985E2E90F8680026ED7D /* Frameworks */,
				EBD1985F2E90F8680026ED7D /* Resources */,
			);
			buildRules = (
			);
			dependencies = (
				EBD198632E90F8680026ED7D /* PBXTargetDependency */,
			);
			fileSystemSynchronizedGroups = (
				EBD198642E90F8680026ED7D /* SurTests */,
			);
			name = SurTests;
			packageProductDependencies = (
			);
			productName = SurTests;
			productReference = EBD198612E90F8680026ED7D /* SurTests.xctest */;
			productType = "com.apple.product-type.bundle.unit-test";
		};
		EBD1986A2E90F8680026ED7D /* SurUITests */ = {
			isa = PBXNativeTarget;
			buildConfigurationList = EBD1987B2E90F8680026ED7D /* Build configuration list for PBXNativeTarget "SurUITests" */;
			buildPhases = (
				EBD198672E90F8680026ED7D /* Sources */,
				EBD198682E90F8680026ED7D /* Frameworks */,
				EBD198692E90F8680026ED7D /* Resources */,
			);
			buildRules = (
			);
			dependencies = (
				EBD1986D2E90F8680026ED7D /* PBXTargetDependency */,
			);
			fileSystemSynchronizedGroups = (
				EBD1986E2E90F8680026ED7D /* SurUITests */,
			);
			name = SurUITests;
			packageProductDependencies = (
			);
			productName = SurUITests;
			productReference = EBD1986B2E90F8680026ED7D /* SurUITests.xctest */;
			productType = "com.apple.product-type.bundle.ui-testing";
		};
		EBD198952E9117070026ED7D /* SurKeyboard */ = {
			isa = PBXNativeTarget;
			buildConfigurationList = EBD1989F2E9117070026ED7D /* Build configuration list for PBXNativeTarget "SurKeyboard" */;
			buildPhases = (
				EBD198922E9117070026ED7D /* Sources */,
				EBD198932E9117070026ED7D /* Frameworks */,
				EBD198942E9117070026ED7D /* Resources */,
			);
			buildRules = (
			);
			dependencies = (
			);
			fileSystemSynchronizedGroups = (
				EBD198972E9117070026ED7D /* SurKeyboard */,
			);
			name = SurKeyboard;
			packageProductDependencies = (
			);
			productName = SurKeyboard;
			productReference = EBD198962E9117070026ED7D /* SurKeyboard.appex */;
			productType = "com.apple.product-type.app-extension";
		};
/* End PBXNativeTarget section */

/* Begin PBXProject section */
		EBD1984C2E90F8650026ED7D /* Project object */ = {
			isa = PBXProject;
			attributes = {
				BuildIndependentTargetsInParallel = 1;
				LastSwiftUpdateCheck = 1640;
				LastUpgradeCheck = 1640;
				TargetAttributes = {
					EBD198532E90F8650026ED7D = {
						CreatedOnToolsVersion = 16.4;
					};
					EBD198602E90F8680026ED7D = {
						CreatedOnToolsVersion = 16.4;
						TestTargetID = EBD198532E90F8650026ED7D;
					};
					EBD1986A2E90F8680026ED7D = {
						CreatedOnToolsVersion = 16.4;
						TestTargetID = EBD198532E90F8650026ED7D;
					};
					EBD198952E9117070026ED7D = {
						CreatedOnToolsVersion = 16.4;
					};
				};
			};
			buildConfigurationList = EBD1984F2E90F8650026ED7D /* Build configuration list for PBXProject "Sur" */;
			developmentRegion = en;
			hasScannedForEncodings = 0;
			knownRegions = (
				en,
				Base,
			);
			mainGroup = EBD1984B2E90F8650026ED7D;
			minimizedProjectReferenceProxies = 1;
			packageReferences = (
				EBD198A42E911E780026ED7D /* XCRemoteSwiftPackageReference "web3" */,
				EBD198A52E91462A0026ED7D /* XCRemoteSwiftPackageReference "swift-crypto" */,
			);
			preferredProjectObjectVersion = 77;
			productRefGroup = EBD198552E90F8650026ED7D /* Products */;
			projectDirPath = "";
			projectRoot = "";
			targets = (
				EBD198532E90F8650026ED7D /* Sur */,
				EBD198602E90F8680026ED7D /* SurTests */,
				EBD1986A2E90F8680026ED7D /* SurUITests */,
				EBD198952E9117070026ED7D /* SurKeyboard */,
			);
		};
/* End PBXProject section */

/* Begin PBXResourcesBuildPhase section */
		EBD198522E90F8650026ED7D /* Resources */ = {
			isa = PBXResourcesBuildPhase;
			buildActionMask = 2147483647;
			files = (
			);
			runOnlyForDeploymentPostprocessing = 0;
		};
		EBD1985F2E90F8680026ED7D /* Resources */ = {
			isa = PBXResourcesBuildPhase;
			buildActionMask = 2147483647;
			files = (
			);
			runOnlyForDeploymentPostprocessing = 0;
		};
		EBD198692E90F8680026ED7D /* Resources */ = {
			isa = PBXResourcesBuildPhase;
			buildActionMask = 2147483647;
			files = (
			);
			runOnlyForDeploymentPostprocessing = 0;
		};
		EBD198942E9117070026ED7D /* Resources */ = {
			isa = PBXResourcesBuildPhase;
			buildActionMask = 2147483647;
			files = (
			);
			runOnlyForDeploymentPostprocessing = 0;
		};
/* End PBXResourcesBuildPhase section */

/* Begin PBXSourcesBuildPhase section */
		EBD198502E90F8650026ED7D /* Sources */ = {
			isa = PBXSourcesBuildPhase;
			buildActionMask = 2147483647;
			files = (
			);
			runOnlyForDeploymentPostprocessing = 0;
		};
		EBD1985D2E90F8680026ED7D /* Sources */ = {
			isa = PBXSourcesBuildPhase;
			buildActionMask = 2147483647;
			files = (
			);
			runOnlyForDeploymentPostprocessing = 0;
		};
		EBD198672E90F8680026ED7D /* Sources */ = {
			isa = PBXSourcesBuildPhase;
			buildActionMask = 2147483647;
			files = (
			);
			runOnlyForDeploymentPostprocessing = 0;
		};
		EBD198922E9117070026ED7D /* Sources */ = {
			isa = PBXSourcesBuildPhase;
			buildActionMask = 2147483647;
			files = (
			);
			runOnlyForDeploymentPostprocessing = 0;
		};
/* End PBXSourcesBuildPhase section */

/* Begin PBXTargetDependency section */
		EBD198632E90F8680026ED7D /* PBXTargetDependency */ = {
			isa = PBXTargetDependency;
			target = EBD198532E90F8650026ED7D /* Sur */;
			targetProxy = EBD198622E90F8680026ED7D /* PBXContainerItemProxy */;
		};
		EBD1986D2E90F8680026ED7D /* PBXTargetDependency */ = {
			isa = PBXTargetDependency;
			target = EBD198532E90F8650026ED7D /* Sur */;
			targetProxy = EBD1986C2E90F8680026ED7D /* PBXContainerItemProxy */;
		};
		EBD1989C2E9117070026ED7D /* PBXTargetDependency */ = {
			isa = PBXTargetDependency;
			target = EBD198952E9117070026ED7D /* SurKeyboard */;
			targetProxy = EBD1989B2E9117070026ED7D /* PBXContainerItemProxy */;
		};
/* End PBXTargetDependency section */

/* Begin XCBuildConfiguration section */
		EBD198732E90F8680026ED7D /* Debug */ = {
			isa = XCBuildConfiguration;
			buildSettings = {
				ALWAYS_SEARCH_USER_PATHS = NO;
				ASSETCATALOG_COMPILER_GENERATE_SWIFT_ASSET_SYMBOL_EXTENSIONS = YES;
				CLANG_ANALYZER_NONNULL = YES;
				CLANG_ANALYZER_NUMBER_OBJECT_CONVERSION = YES_AGGRESSIVE;
				CLANG_CXX_LANGUAGE_STANDARD = "gnu++20";
				CLANG_ENABLE_MODULES = YES;
				CLANG_ENABLE_OBJC_ARC = YES;
				CLANG_ENABLE_OBJC_WEAK = YES;
				CLANG_WARN_BLOCK_CAPTURE_AUTORELEASING = YES;
				CLANG_WARN_BOOL_CONVERSION = YES;
				CLANG_WARN_COMMA = YES;
				CLANG_WARN_CONSTANT_CONVERSION = YES;
				CLANG_WARN_DEPRECATED_OBJC_IMPLEMENTATIONS = YES;
				CLANG_WARN_DIRECT_OBJC_ISA_USAGE = YES_ERROR;
				CLANG_WARN_DOCUMENTATION_COMMENTS = YES;
				CLANG_WARN_EMPTY_BODY = YES;
				CLANG_WARN_ENUM_CONVERSION = YES;
				CLANG_WARN_INFINITE_RECURSION = YES;
				CLANG_WARN_INT_CONVERSION = YES;
				CLANG_WARN_NON_LITERAL_NULL_CONVERSION = YES;
				CLANG_WARN_OBJC_IMPLICIT_RETAIN_SELF = YES;
				CLANG_WARN_OBJC_LITERAL_CONVERSION = YES;
				CLANG_WARN_OBJC_ROOT_CLASS = YES_ERROR;
				CLANG_WARN_QUOTED_INCLUDE_IN_FRAMEWORK_HEADER = YES;
				CLANG_WARN_RANGE_LOOP_ANALYSIS = YES;
				CLANG_WARN_STRICT_PROTOTYPES = YES;
				CLANG_WARN_SUSPICIOUS_MOVE = YES;
				CLANG_WARN_UNGUARDED_AVAILABILITY = YES_AGGRESSIVE;
				CLANG_WARN_UNREACHABLE_CODE = YES;
				CLANG_WARN__DUPLICATE_METHOD_MATCH = YES;
				COPY_PHASE_STRIP = NO;
				DEBUG_INFORMATION_FORMAT = dwarf;
				DEVELOPMENT_TEAM = 7465NL4X4Y;
				ENABLE_STRICT_OBJC_MSGSEND = YES;
				ENABLE_TESTABILITY = YES;
				ENABLE_USER_SCRIPT_SANDBOXING = YES;
				GCC_C_LANGUAGE_STANDARD = gnu17;
				GCC_DYNAMIC_NO_PIC = NO;
				GCC_NO_COMMON_BLOCKS = YES;
				GCC_OPTIMIZATION_LEVEL = 0;
				GCC_PREPROCESSOR_DEFINITIONS = (
					"DEBUG=1",
					"$(inherited)",
				);
				GCC_WARN_64_TO_32_BIT_CONVERSION = YES;
				GCC_WARN_ABOUT_RETURN_TYPE = YES_ERROR;
				GCC_WARN_UNDECLARED_SELECTOR = YES;
				GCC_WARN_UNINITIALIZED_AUTOS = YES_AGGRESSIVE;
				GCC_WARN_UNUSED_FUNCTION = YES;
				GCC_WARN_UNUSED_VARIABLE = YES;
				IPHONEOS_DEPLOYMENT_TARGET = 18.5;
				LOCALIZATION_PREFERS_STRING_CATALOGS = YES;
				MTL_ENABLE_DEBUG_INFO = INCLUDE_SOURCE;
				MTL_FAST_MATH = YES;
				ONLY_ACTIVE_ARCH = YES;
				SDKROOT = iphoneos;
				SWIFT_ACTIVE_COMPILATION_CONDITIONS = "DEBUG $(inherited)";
				SWIFT_OPTIMIZATION_LEVEL = "-Onone";
			};
			name = Debug;
		};
		EBD198742E90F8680026ED7D /* Release */ = {
			isa = XCBuildConfiguration;
			buildSettings = {
				ALWAYS_SEARCH_USER_PATHS = NO;
				ASSETCATALOG_COMPILER_GENERATE_SWIFT_ASSET_SYMBOL_EXTENSIONS = YES;
				CLANG_ANALYZER_NONNULL = YES;
				CLANG_ANALYZER_NUMBER_OBJECT_CONVERSION = YES_AGGRESSIVE;
				CLANG_CXX_LANGUAGE_STANDARD = "gnu++20";
				CLANG_ENABLE_MODULES = YES;
				CLANG_ENABLE_OBJC_ARC = YES;
				CLANG_ENABLE_OBJC_WEAK = YES;
				CLANG_WARN_BLOCK_CAPTURE_AUTORELEASING = YES;
				CLANG_WARN_BOOL_CONVERSION = YES;
				CLANG_WARN_COMMA = YES;
				CLANG_WARN_CONSTANT_CONVERSION = YES;
				CLANG_WARN_DEPRECATED_OBJC_IMPLEMENTATIONS = YES;
				CLANG_WARN_DIRECT_OBJC_ISA_USAGE = YES_ERROR;
				CLANG_WARN_DOCUMENTATION_COMMENTS = YES;
				CLANG_WARN_EMPTY_BODY = YES;
				CLANG_WARN_ENUM_CONVERSION = YES;
				CLANG_WARN_INFINITE_RECURSION = YES;
				CLANG_WARN_INT_CONVERSION = YES;
				CLANG_WARN_NON_LITERAL_NULL_CONVERSION = YES;
				CLANG_WARN_OBJC_IMPLICIT_RETAIN_SELF = YES;
				CLANG_WARN_OBJC_LITERAL_CONVERSION = YES;
				CLANG_WARN_OBJC_ROOT_CLASS = YES_ERROR;
				CLANG_WARN_QUOTED_INCLUDE_IN_FRAMEWORK_HEADER = YES;
				CLANG_WARN_RANGE_LOOP_ANALYSIS = YES;
				CLANG_WARN_STRICT_PROTOTYPES = YES;
				CLANG_WARN_SUSPICIOUS_MOVE = YES;
				CLANG_WARN_UNGUARDED_AVAILABILITY = YES_AGGRESSIVE;
				CLANG_WARN_UNREACHABLE_CODE = YES;
				CLANG_WARN__DUPLICATE_METHOD_MATCH = YES;
				COPY_PHASE_STRIP = NO;
				DEBUG_INFORMATION_FORMAT = "dwarf-with-dsym";
				DEVELOPMENT_TEAM = 7465NL4X4Y;
				ENABLE_NS_ASSERTIONS = NO;
				ENABLE_STRICT_OBJC_MSGSEND = YES;
				ENABLE_USER_SCRIPT_SANDBOXING = YES;
				GCC_C_LANGUAGE_STANDARD = gnu17;
				GCC_NO_COMMON_BLOCKS = YES;
				GCC_WARN_64_TO_32_BIT_CONVERSION = YES;
				GCC_WARN_ABOUT_RETURN_TYPE = YES_ERROR;
				GCC_WARN_UNDECLARED_SELECTOR = YES;
				GCC_WARN_UNINITIALIZED_AUTOS = YES_AGGRESSIVE;
				GCC_WARN_UNUSED_FUNCTION = YES;
				GCC_WARN_UNUSED_VARIABLE = YES;
				IPHONEOS_DEPLOYMENT_TARGET = 18.5;
				LOCALIZATION_PREFERS_STRING_CATALOGS = YES;
				MTL_ENABLE_DEBUG_INFO = NO;
				MTL_FAST_MATH = YES;
				SDKROOT = iphoneos;
				SWIFT_COMPILATION_MODE = wholemodule;
				VALIDATE_PRODUCT = YES;
			};
			name = Release;
		};
		EBD198762E90F8680026ED7D /* Debug */ = {
			isa = XCBuildConfiguration;
			buildSettings = {
				ASSETCATALOG_COMPILER_APPICON_NAME = AppIcon;
				ASSETCATALOG_COMPILER_GLOBAL_ACCENT_COLOR_NAME = AccentColor;
				CODE_SIGN_ENTITLEMENTS = Sur/Sur.entitlements;
				CODE_SIGN_STYLE = Automatic;
				CURRENT_PROJECT_VERSION = 1;
				DEVELOPMENT_TEAM = 7465NL4X4Y;
				ENABLE_PREVIEWS = YES;
				GENERATE_INFOPLIST_FILE = YES;
				INFOPLIST_FILE = Sur/Info.plist;
				INFOPLIST_KEY_NSFaceIDUsageDescription = "Sur uses Face ID to securely access your wallet and protect your private keys.";
				INFOPLIST_KEY_UIApplicationSceneManifest_Generation = YES;
				INFOPLIST_KEY_UIApplicationSupportsIndirectInputEvents = YES;
				INFOPLIST_KEY_UILaunchScreen_Generation = YES;
				INFOPLIST_KEY_UISupportedInterfaceOrientations_iPad = "UIInterfaceOrientationPortrait UIInterfaceOrientationPortraitUpsideDown UIInterfaceOrientationLandscapeLeft UIInterfaceOrientationLandscapeRight";
				INFOPLIST_KEY_UISupportedInterfaceOrientations_iPhone = "UIInterfaceOrientationPortrait UIInterfaceOrientationLandscapeLeft UIInterfaceOrientationLandscapeRight";
				LD_RUNPATH_SEARCH_PATHS = (
					"$(inherited)",
					"@executable_path/Frameworks",
				);
				MARKETING_VERSION = 1.0;
				PRODUCT_BUNDLE_IDENTIFIER = com.ordo.sure.Sur;
				PRODUCT_NAME = "$(TARGET_NAME)";
				SWIFT_EMIT_LOC_STRINGS = YES;
				SWIFT_VERSION = 5.0;
				TARGETED_DEVICE_FAMILY = "1,2";
			};
			name = Debug;
		};
		EBD198772E90F8680026ED7D /* Release */ = {
			isa = XCBuildConfiguration;
			buildSettings = {
				ASSETCATALOG_COMPILER_APPICON_NAME = AppIcon;
				ASSETCATALOG_COMPILER_GLOBAL_ACCENT_COLOR_NAME = AccentColor;
				CODE_SIGN_ENTITLEMENTS = Sur/Sur.entitlements;
				CODE_SIGN_STYLE = Automatic;
				CURRENT_PROJECT_VERSION = 1;
				DEVELOPMENT_TEAM = 7465NL4X4Y;
				ENABLE_PREVIEWS = YES;
				GENERATE_INFOPLIST_FILE = YES;
				INFOPLIST_FILE = Sur/Info.plist;
				INFOPLIST_KEY_NSFaceIDUsageDescription = "Sur uses Face ID to securely access your wallet and protect your private keys.";
				INFOPLIST_KEY_UIApplicationSceneManifest_Generation = YES;
				INFOPLIST_KEY_UIApplicationSupportsIndirectInputEvents = YES;
				INFOPLIST_KEY_UILaunchScreen_Generation = YES;
				INFOPLIST_KEY_UISupportedInterfaceOrientations_iPad = "UIInterfaceOrientationPortrait UIInterfaceOrientationPortraitUpsideDown UIInterfaceOrientationLandscapeLeft UIInterfaceOrientationLandscapeRight";
				INFOPLIST_KEY_UISupportedInterfaceOrientations_iPhone = "UIInterfaceOrientationPortrait UIInterfaceOrientationLandscapeLeft UIInterfaceOrientationLandscapeRight";
				LD_RUNPATH_SEARCH_PATHS = (
					"$(inherited)",
					"@executable_path/Frameworks",
				);
				MARKETING_VERSION = 1.0;
				PRODUCT_BUNDLE_IDENTIFIER = com.ordo.sure.Sur;
				PRODUCT_NAME = "$(TARGET_NAME)";
				SWIFT_EMIT_LOC_STRINGS = YES;
				SWIFT_VERSION = 5.0;
				TARGETED_DEVICE_FAMILY = "1,2";
			};
			name = Release;
		};
		EBD198792E90F8680026ED7D /* Debug */ = {
			isa = XCBuildConfiguration;
			buildSettings = {
				BUNDLE_LOADER = "$(TEST_HOST)";
				CODE_SIGN_STYLE = Automatic;
				CURRENT_PROJECT_VERSION = 1;
				DEVELOPMENT_TEAM = 7465NL4X4Y;
				GENERATE_INFOPLIST_FILE = YES;
				IPHONEOS_DEPLOYMENT_TARGET = 18.5;
				MARKETING_VERSION = 1.0;
				PRODUCT_BUNDLE_IDENTIFIER = com.ordo.sure.SurTests;
				PRODUCT_NAME = "$(TARGET_NAME)";
				SWIFT_EMIT_LOC_STRINGS = NO;
				SWIFT_VERSION = 5.0;
				TARGETED_DEVICE_FAMILY = "1,2";
				TEST_HOST = "$(BUILT_PRODUCTS_DIR)/Sur.app/$(BUNDLE_EXECUTABLE_FOLDER_PATH)/Sur";
			};
			name = Debug;
		};
		EBD1987A2E90F8680026ED7D /* Release */ = {
			isa = XCBuildConfiguration;
			buildSettings = {
				BUNDLE_LOADER = "$(TEST_HOST)";
				CODE_SIGN_STYLE = Automatic;
				CURRENT_PROJECT_VERSION = 1;
				DEVELOPMENT_TEAM = 7465NL4X4Y;
				GENERATE_INFOPLIST_FILE = YES;
				IPHONEOS_DEPLOYMENT_TARGET = 18.5;
				MARKETING_VERSION = 1.0;
				PRODUCT_BUNDLE_IDENTIFIER = com.ordo.sure.SurTests;
				PRODUCT_NAME = "$(TARGET_NAME)";
				SWIFT_EMIT_LOC_STRINGS = NO;
				SWIFT_VERSION = 5.0;
				TARGETED_DEVICE_FAMILY = "1,2";
				TEST_HOST = "$(BUILT_PRODUCTS_DIR)/Sur.app/$(BUNDLE_EXECUTABLE_FOLDER_PATH)/Sur";
			};
			name = Release;
		};
		EBD1987C2E90F8680026ED7D /* Debug */ = {
			isa = XCBuildConfiguration;
			buildSettings = {
				CODE_SIGN_STYLE = Automatic;
				CURRENT_PROJECT_VERSION = 1;
				DEVELOPMENT_TEAM = 7465NL4X4Y;
				GENERATE_INFOPLIST_FILE = YES;
				MARKETING_VERSION = 1.0;
				PRODUCT_BUNDLE_IDENTIFIER = com.ordo.sure.SurUITests;
				PRODUCT_NAME = "$(TARGET_NAME)";
				SWIFT_EMIT_LOC_STRINGS = NO;
				SWIFT_VERSION = 5.0;
				TARGETED_DEVICE_FAMILY = "1,2";
				TEST_TARGET_NAME = Sur;
			};
			name = Debug;
		};
		EBD1987D2E90F8680026ED7D /* Release */ = {
			isa = XCBuildConfiguration;
			buildSettings = {
				CODE_SIGN_STYLE = Automatic;
				CURRENT_PROJECT_VERSION = 1;
				DEVELOPMENT_TEAM = 7465NL4X4Y;
				GENERATE_INFOPLIST_FILE = YES;
				MARKETING_VERSION = 1.0;
				PRODUCT_BUNDLE_IDENTIFIER = com.ordo.sure.SurUITests;
				PRODUCT_NAME = "$(TARGET_NAME)";
				SWIFT_EMIT_LOC_STRINGS = NO;
				SWIFT_VERSION = 5.0;
				TARGETED_DEVICE_FAMILY = "1,2";
				TEST_TARGET_NAME = Sur;
			};
			name = Release;
		};
		EBD198A02E9117070026ED7D /* Debug */ = {
			isa = XCBuildConfiguration;
			buildSettings = {
				CODE_SIGN_ENTITLEMENTS = SurKeyboard/SurKeyboard.entitlements;
				CODE_SIGN_STYLE = Automatic;
				CURRENT_PROJECT_VERSION = 1;
				DEVELOPMENT_TEAM = 7465NL4X4Y;
				GENERATE_INFOPLIST_FILE = YES;
				INFOPLIST_FILE = SurKeyboard/Info.plist;
				INFOPLIST_KEY_CFBundleDisplayName = SurKeyboard;
				INFOPLIST_KEY_NSHumanReadableCopyright = "";
				LD_RUNPATH_SEARCH_PATHS = (
					"$(inherited)",
					"@executable_path/Frameworks",
					"@executable_path/../../Frameworks",
				);
				MARKETING_VERSION = 1.0;
				PRODUCT_BUNDLE_IDENTIFIER = com.ordo.sure.Sur.SurKeyboard;
				PRODUCT_NAME = "$(TARGET_NAME)";
				SKIP_INSTALL = YES;
				SWIFT_EMIT_LOC_STRINGS = YES;
				SWIFT_VERSION = 5.0;
				TARGETED_DEVICE_FAMILY = "1,2";
			};
			name = Debug;
		};
		EBD198A12E9117070026ED7D /* Release */ = {
			isa = XCBuildConfiguration;
			buildSettings = {
				CODE_SIGN_ENTITLEMENTS = SurKeyboard/SurKeyboard.entitlements;
				CODE_SIGN_STYLE = Automatic;
				CURRENT_PROJECT_VERSION = 1;
				DEVELOPMENT_TEAM = 7465NL4X4Y;
				GENERATE_INFOPLIST_FILE = YES;
				INFOPLIST_FILE = SurKeyboard/Info.plist;
				INFOPLIST_KEY_CFBundleDisplayName = SurKeyboard;
				INFOPLIST_KEY_NSHumanReadableCopyright = "";
				LD_RUNPATH_SEARCH_PATHS = (
					"$(inherited)",
					"@executable_path/Frameworks",
					"@executable_path/../../Frameworks",
				);
				MARKETING_VERSION = 1.0;
				PRODUCT_BUNDLE_IDENTIFIER = com.ordo.sure.Sur.SurKeyboard;
				PRODUCT_NAME = "$(TARGET_NAME)";
				SKIP_INSTALL = YES;
				SWIFT_EMIT_LOC_STRINGS = YES;
				SWIFT_VERSION = 5.0;
				TARGETED_DEVICE_FAMILY = "1,2";
			};
			name = Release;
		};
/* End XCBuildConfiguration section */

/* Begin XCConfigurationList section */
		EBD1984F2E90F8650026ED7D /* Build configuration list for PBXProject "Sur" */ = {
			isa = XCConfigurationList;
			buildConfigurations = (
				EBD198732E90F8680026ED7D /* Debug */,
				EBD198742E90F8680026ED7D /* Release */,
			);
			defaultConfigurationIsVisible = 0;
			defaultConfigurationName = Release;
		};
		EBD198752E90F8680026ED7D /* Build configuration list for PBXNativeTarget "Sur" */ = {
			isa = XCConfigurationList;
			buildConfigurations = (
				EBD198762E90F8680026ED7D /* Debug */,
				EBD198772E90F8680026ED7D /* Release */,
			);
			defaultConfigurationIsVisible = 0;
			defaultConfigurationName = Release;
		};
		EBD198782E90F8680026ED7D /* Build configuration list for PBXNativeTarget "SurTests" */ = {
			isa = XCConfigurationList;
			buildConfigurations = (
				EBD198792E90F8680026ED7D /* Debug */,
				EBD1987A2E90F8680026ED7D /* Release */,
			);
			defaultConfigurationIsVisible = 0;
			defaultConfigurationName = Release;
		};
		EBD1987B2E90F8680026ED7D /* Build configuration list for PBXNativeTarget "SurUITests" */ = {
			isa = XCConfigurationList;
			buildConfigurations = (
				EBD1987C2E90F8680026ED7D /* Debug */,
				EBD1987D2E90F8680026ED7D /* Release */,
			);
			defaultConfigurationIsVisible = 0;
			defaultConfigurationName = Release;
		};
		EBD1989F2E9117070026ED7D /* Build configuration list for PBXNativeTarget "SurKeyboard" */ = {
			isa = XCConfigurationList;
			buildConfigurations = (
				EBD198A02E9117070026ED7D /* Debug */,
				EBD198A12E9117070026ED7D /* Release */,
			);
			defaultConfigurationIsVisible = 0;
			defaultConfigurationName = Release;
		};
/* End XCConfigurationList section */

/* Begin XCRemoteSwiftPackageReference section */
		EBD198A42E911E780026ED7D /* XCRemoteSwiftPackageReference "web3" */ = {
			isa = XCRemoteSwiftPackageReference;
			repositoryURL = "https://github.com/argentlabs/web3.swift";
			requirement = {
				kind = upToNextMajorVersion;
				minimumVersion = 1.6.1;
			};
		};
		EBD198A52E91462A0026ED7D /* XCRemoteSwiftPackageReference "swift-crypto" */ = {
			isa = XCRemoteSwiftPackageReference;
			repositoryURL = "https://github.com/apple/swift-crypto.git";
			requirement = {
				kind = upToNextMajorVersion;
				minimumVersion = 3.15.1;
			};
		};
/* End XCRemoteSwiftPackageReference section */
	};
	rootObject = EBD1984C2E90F8650026ED7D /* Project object */;
}
